{
  "version": 4,
  "terraform_version": "1.1.7",
  "serial": 19,
  "lineage": "4efd86d8-6870-0707-0779-eec694d46606",
  "outputs": {},
  "resources": [
    {
      "mode": "data",
      "type": "google_client_config",
      "name": "provider",
      "provider": "provider[\"registry.terraform.io/hashicorp/google\"]",
      "instances": [
        {
          "schema_version": 0,
          "attributes": {
            "access_token": "ya29.A0ARrdaM95Tg29hDfmYU2KSDLZ5M4vvwWiuizyrayG2LBly-5vz3t9MF3SExkhFa-YnCmg_rfLyw7Mj_ulpfQkxDg20rJo4Std9RCKOZKb7SF29F5TnBDhsed4HvLYbD01BQschdKz-bWokFBPX03KBQol3dkHfw",
            "id": "projects/todo-project-344814/regions/us-central1/zones/",
            "project": "todo-project-344814",
            "region": "us-central1",
            "zone": ""
          },
          "sensitive_attributes": []
        }
      ]
    },
    {
      "mode": "data",
      "type": "google_container_cluster",
      "name": "my_cluster",
      "provider": "provider[\"registry.terraform.io/hashicorp/google\"]",
      "instances": [
        {
          "schema_version": 0,
          "attributes": {
            "addons_config": [
              {
                "cloudrun_config": [],
                "horizontal_pod_autoscaling": [],
                "http_load_balancing": [],
                "network_policy_config": [
                  {
                    "disabled": true
                  }
                ]
              }
            ],
            "authenticator_groups_config": [],
            "cluster_autoscaling": [
              {
                "auto_provisioning_defaults": [],
                "enabled": false,
                "resource_limits": []
              }
            ],
            "cluster_ipv4_cidr": "10.96.0.0/14",
            "database_encryption": [
              {
                "key_name": "",
                "state": "DECRYPTED"
              }
            ],
            "default_max_pods_per_node": 110,
            "description": "",
            "enable_binary_authorization": false,
            "enable_intranode_visibility": null,
            "enable_kubernetes_alpha": false,
            "enable_legacy_abac": false,
            "enable_shielded_nodes": false,
            "enable_tpu": null,
            "endpoint": "23.251.153.98",
            "id": "projects/todo-project-344814/locations/us-central1/clusters/todo-project-344814-gke",
            "initial_node_count": 1,
            "instance_group_urls": [
              "https://www.googleapis.com/compute/v1/projects/todo-project-344814/zones/us-central1-a/instanceGroups/gke-todo-project-344-todo-project-344-2e3c1066-grp",
              "https://www.googleapis.com/compute/v1/projects/todo-project-344814/zones/us-central1-c/instanceGroups/gke-todo-project-344-todo-project-344-a4e727da-grp",
              "https://www.googleapis.com/compute/v1/projects/todo-project-344814/zones/us-central1-f/instanceGroups/gke-todo-project-344-todo-project-344-96b58edb-grp"
            ],
            "ip_allocation_policy": [
              {
                "cluster_ipv4_cidr_block": "10.96.0.0/14",
                "cluster_secondary_range_name": "gke-todo-project-344814-gke-pods-a389e70d",
                "services_ipv4_cidr_block": "10.100.0.0/20",
                "services_secondary_range_name": "gke-todo-project-344814-gke-services-a389e70d"
              }
            ],
            "label_fingerprint": "a9dc16a7",
            "location": "us-central1",
            "logging_service": "logging.googleapis.com/kubernetes",
            "maintenance_policy": [],
            "master_auth": [
              {
                "client_certificate": "",
                "client_certificate_config": [
                  {
                    "issue_client_certificate": false
                  }
                ],
                "client_key": "",
                "cluster_ca_certificate": "LS0tLS1CRUdJTiBDRVJUSUZJQ0FURS0tLS0tCk1JSUVMRENDQXBTZ0F3SUJBZ0lRTUtBQ2xxNGowT3ZLdjZYQW9ySUxCREFOQmdrcWhraUc5dzBCQVFzRkFEQXYKTVMwd0t3WURWUVFERXlRMk1UazROekUzTXkwMU1UUTBMVFJtTTJFdE9URmxNeTA1WlRKalpUTTNOREk0WXpRdwpJQmNOTWpJd016SXhNVGN6TWpFeFdoZ1BNakExTWpBek1UTXhPRE15TVRGYU1DOHhMVEFyQmdOVkJBTVRKRFl4Ck9UZzNNVGN6TFRVeE5EUXROR1l6WVMwNU1XVXpMVGxsTW1ObE16YzBNamhqTkRDQ0FhSXdEUVlKS29aSWh2Y04KQVFFQkJRQURnZ0dQQURDQ0FZb0NnZ0dCQUp2YWpFQ2lyc0xUTUtLN2s3MDZ4S1JZNWdDM3ZscUQrUTJ2eFBKbQpWR1RIQlpRcThIclZQM1g3NXZsV05Da0FMTm9rUldHcVI1M3I0ZmpUMVd1bGVNWkQ3QllFakFORHdlZXRzeWlqClpNYVNqMWtkSGZ0ekFGMnhoVHMzaTdrdnJTTVJlQlJiV0VsMjBhTFlRbzFCbjFuZmNoZVRlMEJiQ0c5bmlHNHAKVmEzMWdoWERQVmw5d3VEVWRqazZqRjczdlpOV1RiaXM4amtXdUhEV0QxNzZvY0VTbFUrVzNpejQybjBuLzJ6cAozRDZQdTlTdnF6Y0tTbys5VEdGQ1Fjb3ZYZnlxUVBPREdvMVhYMTUyT2RhZVMxSVliSSthNVlMRUNrbXlDQTlaCkFDWHFYTm5UOTBKZjNlengwTkN3NFpocVhIbENIZ2pkWTE0TVNZVjJLTDFWY3c2R3UvNDE2Um96ekF4cGNWTzgKMUprajZjRDd6STVDVnluQW13THdvNzdiWWYreU85aGpVeEtZZ0FXWE5yZnI0QmdTRXV6NjI3SStQOVB1OWZaaApIeXQ0Wk45ZkUrUzA3TC9MMnhLSWdpNkdPRDNGa1V2TjVTeFdFR2tCZDBMWnpiRldLakpsV1dDaEIzSGxFeXFuCm9rYVE2NjBIcXg5SW1lOGRlQkJpSHZoM1NRSURBUUFCbzBJd1FEQU9CZ05WSFE4QkFmOEVCQU1DQWdRd0R3WUQKVlIwVEFRSC9CQVV3QXdFQi96QWRCZ05WSFE0RUZnUVVxMFBqZ1drbWxrN3FaMlp2NHZoR1FxQURVcDR3RFFZSgpLb1pJaHZjTkFRRUxCUUFEZ2dHQkFHeFJ1Ti9VOURYTitvQUZyV084Z1VJRmZrS3B2a0NSOU81TW85am1hMW0wCjBNaDg1WHRQbUNmUXRpdXRzTnZzeTZiN3RlT3JnM0w2Uit0L2gvczY2S1lWUUlGVHh3Nnc0UDE0QllNUVJoYm4KR0FFb3NjMFVhbHVNZnBtUFMwWWkvaTBpbEIxOHZtVk9ZbVMrNll2QzY5T1pSeC95L2hjZW9ia0dndTQwdUpBVwo2Y0xPUkhXTHJpNkVXWUEyOXFLaExDRFZtb1RLU2E3YlQ4RUZ0S0lpNzM4R3ZENkdjTVZzcVp3dmZzSmhWaFg4CmdrSjhXV2dCYTRQWkFGL3dzWXJlSEdzcXJQK1hKeGlhQ3k0S0NqUlp6ekRVUmNXOFdISmlrcU5uTm00czlIRVYKckloK0ZMMGNRSjlaNEhyck9QaVhQZFFrWjMxUk9vV29uc2g0aFVGMHNuekMvQ3JwQnZ3VHU2WnJHTk5rMkZRUwo1b3ZLSFUzUDh6d2k5OUZUT1VWUXZOUGhSRTd5T1UwQWV4enEwdVZkZGRFcGF5T0NwMEtNZ3Vtd3pleTkzeTM0CmZrWVcreFd1RzIrTDIwWTRxdmFFL3dvVXVvQzJLOGxpOHBvNWhRVkFuLzR1S3ZIMERyeWxFL1UzdlhLQ3luTU0KVGdwdkg2VFUxT2M5K0ppOTc2dmZPZz09Ci0tLS0tRU5EIENFUlRJRklDQVRFLS0tLS0K",
                "password": "",
                "username": ""
              }
            ],
            "master_authorized_networks_config": [],
            "master_version": "1.21.9-gke.1002",
            "min_master_version": null,
            "monitoring_service": "monitoring.googleapis.com/kubernetes",
            "name": "todo-project-344814-gke",
            "network": "projects/todo-project-344814/global/networks/todo-project-344814-todovpc",
            "network_policy": [
              {
                "enabled": false,
                "provider": "PROVIDER_UNSPECIFIED"
              }
            ],
            "node_config": [
              {
                "disk_size_gb": 100,
                "disk_type": "pd-standard",
                "guest_accelerator": [],
                "image_type": "COS_CONTAINERD",
                "labels": {
                  "env": "todo-project-344814"
                },
                "local_ssd_count": 0,
                "machine_type": "n1-standard-1",
                "metadata": {
                  "disable-legacy-endpoints": "true"
                },
                "min_cpu_platform": "",
                "oauth_scopes": [
                  "https://www.googleapis.com/auth/logging.write",
                  "https://www.googleapis.com/auth/monitoring"
                ],
                "preemptible": false,
                "service_account": "default",
                "shielded_instance_config": [
                  {
                    "enable_integrity_monitoring": true,
                    "enable_secure_boot": false
                  }
                ],
                "tags": [
                  "gke-node",
                  "todo-project-344814-gke"
                ],
                "taint": [],
                "workload_metadata_config": []
              }
            ],
            "node_locations": [
              "us-central1-a",
              "us-central1-c",
              "us-central1-f"
            ],
            "node_pool": [
              {
                "autoscaling": [],
                "initial_node_count": 1,
                "instance_group_urls": [
                  "https://www.googleapis.com/compute/v1/projects/todo-project-344814/zones/us-central1-a/instanceGroupManagers/gke-todo-project-344-todo-project-344-2e3c1066-grp",
                  "https://www.googleapis.com/compute/v1/projects/todo-project-344814/zones/us-central1-c/instanceGroupManagers/gke-todo-project-344-todo-project-344-a4e727da-grp",
                  "https://www.googleapis.com/compute/v1/projects/todo-project-344814/zones/us-central1-f/instanceGroupManagers/gke-todo-project-344-todo-project-344-96b58edb-grp"
                ],
                "management": [
                  {
                    "auto_repair": true,
                    "auto_upgrade": true
                  }
                ],
                "max_pods_per_node": 110,
                "name": "todo-project-344814-gke-node-pool",
                "name_prefix": "",
                "node_config": [
                  {
                    "disk_size_gb": 100,
                    "disk_type": "pd-standard",
                    "guest_accelerator": [],
                    "image_type": "COS_CONTAINERD",
                    "labels": {
                      "env": "todo-project-344814"
                    },
                    "local_ssd_count": 0,
                    "machine_type": "n1-standard-1",
                    "metadata": {
                      "disable-legacy-endpoints": "true"
                    },
                    "min_cpu_platform": "",
                    "oauth_scopes": [
                      "https://www.googleapis.com/auth/logging.write",
                      "https://www.googleapis.com/auth/monitoring"
                    ],
                    "preemptible": false,
                    "service_account": "default",
                    "shielded_instance_config": [
                      {
                        "enable_integrity_monitoring": true,
                        "enable_secure_boot": false
                      }
                    ],
                    "tags": [
                      "gke-node",
                      "todo-project-344814-gke"
                    ],
                    "taint": [],
                    "workload_metadata_config": []
                  }
                ],
                "node_count": 1,
                "node_locations": [
                  "us-central1-a",
                  "us-central1-c",
                  "us-central1-f"
                ],
                "upgrade_settings": [
                  {
                    "max_surge": 1,
                    "max_unavailable": 0
                  }
                ],
                "version": "1.21.9-gke.1002"
              }
            ],
            "node_version": "1.21.9-gke.1002",
            "operation": null,
            "pod_security_policy_config": null,
            "private_cluster_config": [],
            "project": "todo-project-344814",
            "release_channel": [
              {
                "channel": "REGULAR"
              }
            ],
            "remove_default_node_pool": null,
            "resource_labels": {},
            "resource_usage_export_config": [],
            "self_link": "https://container.googleapis.com/v1beta1/projects/todo-project-344814/locations/us-central1/clusters/todo-project-344814-gke",
            "services_ipv4_cidr": "10.100.0.0/20",
            "subnetwork": "projects/todo-project-344814/regions/us-central1/subnetworks/todo-project-344814-todosubnet",
            "vertical_pod_autoscaling": [],
            "workload_identity_config": []
          },
          "sensitive_attributes": []
        }
      ]
    },
    {
      "mode": "managed",
      "type": "kubernetes_deployment",
      "name": "mysql",
      "provider": "provider[\"registry.terraform.io/hashicorp/kubernetes\"]",
      "instances": [
        {
          "schema_version": 1,
          "attributes": {
            "id": "todo/todomysql-mysql-server",
            "metadata": [
              {
                "annotations": null,
                "generate_name": "",
                "generation": 1,
                "labels": {
                  "app": "mysql-server",
                  "deploymentName": "todomysql"
                },
                "name": "todomysql-mysql-server",
                "namespace": "todo",
                "resource_version": "26810",
                "uid": "81a7fa0a-43ef-4077-9433-b4c727093bfe"
              }
            ],
            "spec": [
              {
                "min_ready_seconds": 0,
                "paused": false,
                "progress_deadline_seconds": 600,
                "replicas": "1",
                "revision_history_limit": 10,
                "selector": [
                  {
                    "match_expressions": [],
                    "match_labels": {
                      "app": "mysql-server",
                      "deploymentName": "todomysql"
                    }
                  }
                ],
                "strategy": [
                  {
                    "rolling_update": [
                      {
                        "max_surge": "25%",
                        "max_unavailable": "25%"
                      }
                    ],
                    "type": "RollingUpdate"
                  }
                ],
                "template": [
                  {
                    "metadata": [
                      {
                        "annotations": null,
                        "generate_name": "",
                        "generation": 0,
                        "labels": {
                          "app": "mysql-server",
                          "deploymentName": "todomysql"
                        },
                        "name": "mysql",
                        "namespace": "",
                        "resource_version": "",
                        "uid": ""
                      }
                    ],
                    "spec": [
                      {
                        "active_deadline_seconds": 0,
                        "affinity": [],
                        "automount_service_account_token": true,
                        "container": [
                          {
                            "args": null,
                            "command": null,
                            "env": [
                              {
                                "name": "MYSQL_ROOT_PASSWORD",
                                "value": "rT1fFs5EPQDl8kd1",
                                "value_from": []
                              },
                              {
                                "name": "MYSQL_USER",
                                "value": "gkemysqluser",
                                "value_from": []
                              },
                              {
                                "name": "MYSQL_PASSWORD",
                                "value": "hpctqPwCIWaIxvQk",
                                "value_from": []
                              },
                              {
                                "name": "MYSQL_DATABASE",
                                "value": "gkemysqluser",
                                "value_from": []
                              }
                            ],
                            "env_from": [],
                            "image": "mysql:5.7",
                            "image_pull_policy": "IfNotPresent",
                            "lifecycle": [],
                            "liveness_probe": [],
                            "name": "mysql",
                            "port": [
                              {
                                "container_port": 3306,
                                "host_ip": "",
                                "host_port": 0,
                                "name": "",
                                "protocol": "TCP"
                              }
                            ],
                            "readiness_probe": [],
                            "resources": [
                              {
                                "limits": {},
                                "requests": {
                                  "cpu": "100m",
                                  "memory": "128Mi"
                                }
                              }
                            ],
                            "security_context": [],
                            "startup_probe": [],
                            "stdin": false,
                            "stdin_once": false,
                            "termination_message_path": "/dev/termination-log",
                            "termination_message_policy": "File",
                            "tty": false,
                            "volume_mount": [],
                            "working_dir": ""
                          }
                        ],
                        "dns_config": [],
                        "dns_policy": "ClusterFirst",
                        "enable_service_links": true,
                        "host_aliases": [],
                        "host_ipc": false,
                        "host_network": false,
                        "host_pid": false,
                        "hostname": "",
                        "image_pull_secrets": [],
                        "init_container": [],
                        "node_name": "",
                        "node_selector": null,
                        "priority_class_name": "",
                        "readiness_gate": [],
                        "restart_policy": "Always",
                        "security_context": [],
                        "service_account_name": "",
                        "share_process_namespace": false,
                        "subdomain": "",
                        "termination_grace_period_seconds": 30,
                        "toleration": [],
                        "topology_spread_constraint": [],
                        "volume": []
                      }
                    ]
                  }
                ]
              }
            ],
            "timeouts": null,
            "wait_for_rollout": true
          },
          "sensitive_attributes": [],
          "private": "eyJlMmJmYjczMC1lY2FhLTExZTYtOGY4OC0zNDM2M2JjN2M0YzAiOnsiY3JlYXRlIjo2MDAwMDAwMDAwMDAsImRlbGV0ZSI6NjAwMDAwMDAwMDAwLCJ1cGRhdGUiOjYwMDAwMDAwMDAwMH0sInNjaGVtYV92ZXJzaW9uIjoiMSJ9",
          "dependencies": [
            "data.google_client_config.provider",
            "data.google_container_cluster.my_cluster",
            "random_string.mysql_password",
            "random_string.mysql_root_password"
          ]
        }
      ]
    },
    {
      "mode": "managed",
      "type": "kubernetes_service",
      "name": "mysql",
      "provider": "provider[\"registry.terraform.io/hashicorp/kubernetes\"]",
      "instances": [
        {
          "schema_version": 1,
          "attributes": {
            "id": "todo/todomysql-mysql-server",
            "metadata": [
              {
                "annotations": {},
                "generate_name": "",
                "generation": 0,
                "labels": {},
                "name": "todomysql-mysql-server",
                "namespace": "todo",
                "resource_version": "19583",
                "uid": "c659d6c0-9ea2-48ec-ba1e-fcc09792c03f"
              }
            ],
            "spec": [
              {
                "cluster_ip": "10.100.3.113",
                "external_ips": [],
                "external_name": "",
                "external_traffic_policy": "",
                "health_check_node_port": 0,
                "load_balancer_ip": "",
                "load_balancer_source_ranges": [],
                "port": [
                  {
                    "name": "",
                    "node_port": 0,
                    "port": 3306,
                    "protocol": "TCP",
                    "target_port": "3306"
                  }
                ],
                "publish_not_ready_addresses": false,
                "selector": {
                  "app": "mysql-server",
                  "deploymentName": "todomysql"
                },
                "session_affinity": "None",
                "type": "ClusterIP"
              }
            ],
            "status": [
              {
                "load_balancer": [
                  {
                    "ingress": []
                  }
                ]
              }
            ],
            "timeouts": null,
            "wait_for_load_balancer": true
          },
          "sensitive_attributes": [],
          "private": "eyJlMmJmYjczMC1lY2FhLTExZTYtOGY4OC0zNDM2M2JjN2M0YzAiOnsiY3JlYXRlIjo2MDAwMDAwMDAwMDB9LCJzY2hlbWFfdmVyc2lvbiI6IjEifQ==",
          "dependencies": [
            "data.google_client_config.provider",
            "data.google_container_cluster.my_cluster"
          ]
        }
      ]
    },
    {
      "mode": "managed",
      "type": "random_string",
      "name": "mysql_password",
      "provider": "provider[\"registry.terraform.io/hashicorp/random\"]",
      "instances": [
        {
          "schema_version": 1,
          "attributes": {
            "id": "hpctqPwCIWaIxvQk",
            "keepers": null,
            "length": 16,
            "lower": true,
            "min_lower": 0,
            "min_numeric": 0,
            "min_special": 0,
            "min_upper": 0,
            "number": true,
            "override_special": null,
            "result": "hpctqPwCIWaIxvQk",
            "special": false,
            "upper": true
          },
          "sensitive_attributes": [],
          "private": "eyJzY2hlbWFfdmVyc2lvbiI6IjEifQ=="
        }
      ]
    },
    {
      "mode": "managed",
      "type": "random_string",
      "name": "mysql_root_password",
      "provider": "provider[\"registry.terraform.io/hashicorp/random\"]",
      "instances": [
        {
          "schema_version": 1,
          "attributes": {
            "id": "rT1fFs5EPQDl8kd1",
            "keepers": null,
            "length": 16,
            "lower": true,
            "min_lower": 0,
            "min_numeric": 0,
            "min_special": 0,
            "min_upper": 0,
            "number": true,
            "override_special": null,
            "result": "rT1fFs5EPQDl8kd1",
            "special": false,
            "upper": true
          },
          "sensitive_attributes": [],
          "private": "eyJzY2hlbWFfdmVyc2lvbiI6IjEifQ=="
        }
      ]
    }
  ]
}
