{
  "version": 4,
  "terraform_version": "1.1.7",
  "serial": 32,
  "lineage": "01c42479-fb2f-b6cc-dee5-a44ae02b51f0",
  "outputs": {
    "kubernetes_cluster_host": {
      "value": "23.251.153.98",
      "type": "string"
    },
    "kubernetes_cluster_name": {
      "value": "todo-project-344814-gke",
      "type": "string"
    },
    "project_id": {
      "value": "todo-project-344814",
      "type": "string"
    },
    "region": {
      "value": "us-central1",
      "type": "string"
    }
  },
  "resources": [
    {
      "mode": "data",
      "type": "google_client_config",
      "name": "default",
      "provider": "provider[\"registry.terraform.io/hashicorp/google\"]",
      "instances": [
        {
          "schema_version": 0,
          "attributes": {
            "access_token": "ya29.A0ARrdaM9r_HA_iuzYV_TB8M-exqwbQbx9uTLNqb3klrODIY8z31Qgg05Zon2xcD2wwZ0M2gFgFWX4f-RItBVFR_mHh6RBAmot_his2MgpVBK7A194d8hVeZfmPy4JQniKvibvBzkOtRNidI8s7is5F018ZIyUKg",
            "id": "projects/todo-project-344814/regions/us-central1/zones/",
            "project": "todo-project-344814",
            "region": "us-central1",
            "zone": ""
          },
          "sensitive_attributes": []
        }
      ]
    },
    {
      "mode": "data",
      "type": "google_container_cluster",
      "name": "my_cluster",
      "provider": "provider[\"registry.terraform.io/hashicorp/google\"]",
      "instances": [
        {
          "schema_version": 0,
          "attributes": {
            "addons_config": null,
            "authenticator_groups_config": null,
            "cluster_autoscaling": null,
            "cluster_ipv4_cidr": null,
            "database_encryption": null,
            "default_max_pods_per_node": null,
            "description": null,
            "enable_binary_authorization": null,
            "enable_intranode_visibility": null,
            "enable_kubernetes_alpha": null,
            "enable_legacy_abac": null,
            "enable_shielded_nodes": null,
            "enable_tpu": null,
            "endpoint": null,
            "id": null,
            "initial_node_count": null,
            "instance_group_urls": null,
            "ip_allocation_policy": null,
            "label_fingerprint": null,
            "location": null,
            "logging_service": null,
            "maintenance_policy": null,
            "master_auth": null,
            "master_authorized_networks_config": null,
            "master_version": null,
            "min_master_version": null,
            "monitoring_service": null,
            "name": null,
            "network": null,
            "network_policy": null,
            "node_config": null,
            "node_locations": null,
            "node_pool": null,
            "node_version": null,
            "operation": null,
            "pod_security_policy_config": null,
            "private_cluster_config": null,
            "project": null,
            "release_channel": null,
            "remove_default_node_pool": null,
            "resource_labels": null,
            "resource_usage_export_config": null,
            "self_link": null,
            "services_ipv4_cidr": null,
            "subnetwork": null,
            "vertical_pod_autoscaling": null,
            "workload_identity_config": null
          },
          "sensitive_attributes": []
        }
      ]
    },
    {
      "mode": "data",
      "type": "terraform_remote_state",
      "name": "gke",
      "provider": "provider[\"terraform.io/builtin/terraform\"]",
      "instances": [
        {
          "schema_version": 0,
          "attributes": {
            "backend": "local",
            "config": {
              "value": {
                "path": "../learn-terraform-provision-gke-cluster/terraform.tfstate"
              },
              "type": [
                "object",
                {
                  "path": "string"
                }
              ]
            },
            "defaults": null,
            "outputs": {
              "value": {
                "kubernetes_cluster_host": "35.202.32.202",
                "kubernetes_cluster_name": "todo-project-344814-gke",
                "project_id": "todo-project-344814",
                "region": "us-central1"
              },
              "type": [
                "object",
                {
                  "kubernetes_cluster_host": "string",
                  "kubernetes_cluster_name": "string",
                  "project_id": "string",
                  "region": "string"
                }
              ]
            },
            "workspace": null
          },
          "sensitive_attributes": []
        }
      ]
    },
    {
      "mode": "managed",
      "type": "google_compute_network",
      "name": "vpc",
      "provider": "provider[\"registry.terraform.io/hashicorp/google\"]",
      "instances": [
        {
          "schema_version": 0,
          "attributes": {
            "auto_create_subnetworks": false,
            "delete_default_routes_on_create": false,
            "description": "",
            "gateway_ipv4": "",
            "id": "projects/todo-project-344814/global/networks/todo-project-344814-todovpc",
            "mtu": 0,
            "name": "todo-project-344814-todovpc",
            "project": "todo-project-344814",
            "routing_mode": "REGIONAL",
            "self_link": "https://www.googleapis.com/compute/v1/projects/todo-project-344814/global/networks/todo-project-344814-todovpc",
            "timeouts": null
          },
          "sensitive_attributes": [],
          "private": "eyJlMmJmYjczMC1lY2FhLTExZTYtOGY4OC0zNDM2M2JjN2M0YzAiOnsiY3JlYXRlIjoyNDAwMDAwMDAwMDAsImRlbGV0ZSI6MjQwMDAwMDAwMDAwLCJ1cGRhdGUiOjI0MDAwMDAwMDAwMH19"
        }
      ]
    },
    {
      "mode": "managed",
      "type": "google_compute_subnetwork",
      "name": "subnet",
      "provider": "provider[\"registry.terraform.io/hashicorp/google\"]",
      "instances": [
        {
          "schema_version": 0,
          "attributes": {
            "creation_timestamp": "2022-03-21T07:48:20.542-07:00",
            "description": "",
            "fingerprint": null,
            "gateway_address": "10.10.0.1",
            "id": "projects/todo-project-344814/regions/us-central1/subnetworks/todo-project-344814-todosubnet",
            "ip_cidr_range": "10.10.0.0/24",
            "log_config": [],
            "name": "todo-project-344814-todosubnet",
            "network": "https://www.googleapis.com/compute/v1/projects/todo-project-344814/global/networks/todo-project-344814-todovpc",
            "private_ip_google_access": false,
            "private_ipv6_google_access": "DISABLE_GOOGLE_ACCESS",
            "project": "todo-project-344814",
            "region": "us-central1",
            "secondary_ip_range": [],
            "self_link": "https://www.googleapis.com/compute/v1/projects/todo-project-344814/regions/us-central1/subnetworks/todo-project-344814-todosubnet",
            "timeouts": null
          },
          "sensitive_attributes": [],
          "private": "eyJlMmJmYjczMC1lY2FhLTExZTYtOGY4OC0zNDM2M2JjN2M0YzAiOnsiY3JlYXRlIjozNjAwMDAwMDAwMDAsImRlbGV0ZSI6MzYwMDAwMDAwMDAwLCJ1cGRhdGUiOjM2MDAwMDAwMDAwMH19",
          "dependencies": [
            "google_compute_network.vpc"
          ]
        }
      ]
    },
    {
      "mode": "managed",
      "type": "google_container_cluster",
      "name": "primary",
      "provider": "provider[\"registry.terraform.io/hashicorp/google\"]",
      "instances": [
        {
          "schema_version": 1,
          "attributes": {
            "addons_config": [
              {
                "cloudrun_config": [],
                "horizontal_pod_autoscaling": [],
                "http_load_balancing": [],
                "network_policy_config": [
                  {
                    "disabled": true
                  }
                ]
              }
            ],
            "authenticator_groups_config": [],
            "cluster_autoscaling": [
              {
                "auto_provisioning_defaults": [],
                "enabled": false,
                "resource_limits": []
              }
            ],
            "cluster_ipv4_cidr": "10.96.0.0/14",
            "database_encryption": [
              {
                "key_name": "",
                "state": "DECRYPTED"
              }
            ],
            "default_max_pods_per_node": 110,
            "description": "",
            "enable_binary_authorization": false,
            "enable_intranode_visibility": null,
            "enable_kubernetes_alpha": false,
            "enable_legacy_abac": false,
            "enable_shielded_nodes": false,
            "enable_tpu": null,
            "endpoint": "23.251.153.98",
            "id": "projects/todo-project-344814/locations/us-central1/clusters/todo-project-344814-gke",
            "initial_node_count": 1,
            "instance_group_urls": [],
            "ip_allocation_policy": [
              {
                "cluster_ipv4_cidr_block": "10.96.0.0/14",
                "cluster_secondary_range_name": "gke-todo-project-344814-gke-pods-a389e70d",
                "services_ipv4_cidr_block": "10.100.0.0/20",
                "services_secondary_range_name": "gke-todo-project-344814-gke-services-a389e70d"
              }
            ],
            "label_fingerprint": "a9dc16a7",
            "location": "us-central1",
            "logging_service": "logging.googleapis.com/kubernetes",
            "maintenance_policy": [],
            "master_auth": [
              {
                "client_certificate": "",
                "client_certificate_config": [
                  {
                    "issue_client_certificate": false
                  }
                ],
                "client_key": "",
                "cluster_ca_certificate": "LS0tLS1CRUdJTiBDRVJUSUZJQ0FURS0tLS0tCk1JSUVMRENDQXBTZ0F3SUJBZ0lRTUtBQ2xxNGowT3ZLdjZYQW9ySUxCREFOQmdrcWhraUc5dzBCQVFzRkFEQXYKTVMwd0t3WURWUVFERXlRMk1UazROekUzTXkwMU1UUTBMVFJtTTJFdE9URmxNeTA1WlRKalpUTTNOREk0WXpRdwpJQmNOTWpJd016SXhNVGN6TWpFeFdoZ1BNakExTWpBek1UTXhPRE15TVRGYU1DOHhMVEFyQmdOVkJBTVRKRFl4Ck9UZzNNVGN6TFRVeE5EUXROR1l6WVMwNU1XVXpMVGxsTW1ObE16YzBNamhqTkRDQ0FhSXdEUVlKS29aSWh2Y04KQVFFQkJRQURnZ0dQQURDQ0FZb0NnZ0dCQUp2YWpFQ2lyc0xUTUtLN2s3MDZ4S1JZNWdDM3ZscUQrUTJ2eFBKbQpWR1RIQlpRcThIclZQM1g3NXZsV05Da0FMTm9rUldHcVI1M3I0ZmpUMVd1bGVNWkQ3QllFakFORHdlZXRzeWlqClpNYVNqMWtkSGZ0ekFGMnhoVHMzaTdrdnJTTVJlQlJiV0VsMjBhTFlRbzFCbjFuZmNoZVRlMEJiQ0c5bmlHNHAKVmEzMWdoWERQVmw5d3VEVWRqazZqRjczdlpOV1RiaXM4amtXdUhEV0QxNzZvY0VTbFUrVzNpejQybjBuLzJ6cAozRDZQdTlTdnF6Y0tTbys5VEdGQ1Fjb3ZYZnlxUVBPREdvMVhYMTUyT2RhZVMxSVliSSthNVlMRUNrbXlDQTlaCkFDWHFYTm5UOTBKZjNlengwTkN3NFpocVhIbENIZ2pkWTE0TVNZVjJLTDFWY3c2R3UvNDE2Um96ekF4cGNWTzgKMUprajZjRDd6STVDVnluQW13THdvNzdiWWYreU85aGpVeEtZZ0FXWE5yZnI0QmdTRXV6NjI3SStQOVB1OWZaaApIeXQ0Wk45ZkUrUzA3TC9MMnhLSWdpNkdPRDNGa1V2TjVTeFdFR2tCZDBMWnpiRldLakpsV1dDaEIzSGxFeXFuCm9rYVE2NjBIcXg5SW1lOGRlQkJpSHZoM1NRSURBUUFCbzBJd1FEQU9CZ05WSFE4QkFmOEVCQU1DQWdRd0R3WUQKVlIwVEFRSC9CQVV3QXdFQi96QWRCZ05WSFE0RUZnUVVxMFBqZ1drbWxrN3FaMlp2NHZoR1FxQURVcDR3RFFZSgpLb1pJaHZjTkFRRUxCUUFEZ2dHQkFHeFJ1Ti9VOURYTitvQUZyV084Z1VJRmZrS3B2a0NSOU81TW85am1hMW0wCjBNaDg1WHRQbUNmUXRpdXRzTnZzeTZiN3RlT3JnM0w2Uit0L2gvczY2S1lWUUlGVHh3Nnc0UDE0QllNUVJoYm4KR0FFb3NjMFVhbHVNZnBtUFMwWWkvaTBpbEIxOHZtVk9ZbVMrNll2QzY5T1pSeC95L2hjZW9ia0dndTQwdUpBVwo2Y0xPUkhXTHJpNkVXWUEyOXFLaExDRFZtb1RLU2E3YlQ4RUZ0S0lpNzM4R3ZENkdjTVZzcVp3dmZzSmhWaFg4CmdrSjhXV2dCYTRQWkFGL3dzWXJlSEdzcXJQK1hKeGlhQ3k0S0NqUlp6ekRVUmNXOFdISmlrcU5uTm00czlIRVYKckloK0ZMMGNRSjlaNEhyck9QaVhQZFFrWjMxUk9vV29uc2g0aFVGMHNuekMvQ3JwQnZ3VHU2WnJHTk5rMkZRUwo1b3ZLSFUzUDh6d2k5OUZUT1VWUXZOUGhSRTd5T1UwQWV4enEwdVZkZGRFcGF5T0NwMEtNZ3Vtd3pleTkzeTM0CmZrWVcreFd1RzIrTDIwWTRxdmFFL3dvVXVvQzJLOGxpOHBvNWhRVkFuLzR1S3ZIMERyeWxFL1UzdlhLQ3luTU0KVGdwdkg2VFUxT2M5K0ppOTc2dmZPZz09Ci0tLS0tRU5EIENFUlRJRklDQVRFLS0tLS0K",
                "password": "",
                "username": ""
              }
            ],
            "master_authorized_networks_config": [],
            "master_version": "1.21.9-gke.1002",
            "min_master_version": null,
            "monitoring_service": "monitoring.googleapis.com/kubernetes",
            "name": "todo-project-344814-gke",
            "network": "projects/todo-project-344814/global/networks/todo-project-344814-todovpc",
            "network_policy": [
              {
                "enabled": false,
                "provider": "PROVIDER_UNSPECIFIED"
              }
            ],
            "node_config": [],
            "node_locations": [
              "us-central1-a",
              "us-central1-c",
              "us-central1-f"
            ],
            "node_pool": [],
            "node_version": "1.21.9-gke.1002",
            "operation": null,
            "pod_security_policy_config": [],
            "private_cluster_config": [],
            "project": "todo-project-344814",
            "release_channel": [
              {
                "channel": "REGULAR"
              }
            ],
            "remove_default_node_pool": true,
            "resource_labels": null,
            "resource_usage_export_config": [],
            "self_link": "https://container.googleapis.com/v1beta1/projects/todo-project-344814/locations/us-central1/clusters/todo-project-344814-gke",
            "services_ipv4_cidr": "10.100.0.0/20",
            "subnetwork": "projects/todo-project-344814/regions/us-central1/subnetworks/todo-project-344814-todosubnet",
            "timeouts": null,
            "vertical_pod_autoscaling": [],
            "workload_identity_config": []
          },
          "sensitive_attributes": [],
          "private": "eyJlMmJmYjczMC1lY2FhLTExZTYtOGY4OC0zNDM2M2JjN2M0YzAiOnsiY3JlYXRlIjoyNDAwMDAwMDAwMDAwLCJkZWxldGUiOjI0MDAwMDAwMDAwMDAsInJlYWQiOjI0MDAwMDAwMDAwMDAsInVwZGF0ZSI6MzYwMDAwMDAwMDAwMH0sInNjaGVtYV92ZXJzaW9uIjoiMSJ9",
          "dependencies": [
            "google_compute_network.vpc",
            "google_compute_subnetwork.subnet"
          ]
        }
      ]
    },
    {
      "mode": "managed",
      "type": "google_container_node_pool",
      "name": "primary_nodes",
      "provider": "provider[\"registry.terraform.io/hashicorp/google\"]",
      "instances": [
        {
          "schema_version": 1,
          "attributes": {
            "autoscaling": [],
            "cluster": "todo-project-344814-gke",
            "id": "projects/todo-project-344814/locations/us-central1/clusters/todo-project-344814-gke/nodePools/todo-project-344814-gke-node-pool",
            "initial_node_count": 1,
            "instance_group_urls": [
              "https://www.googleapis.com/compute/v1/projects/todo-project-344814/zones/us-central1-a/instanceGroupManagers/gke-todo-project-344-todo-project-344-2e3c1066-grp",
              "https://www.googleapis.com/compute/v1/projects/todo-project-344814/zones/us-central1-c/instanceGroupManagers/gke-todo-project-344-todo-project-344-a4e727da-grp",
              "https://www.googleapis.com/compute/v1/projects/todo-project-344814/zones/us-central1-f/instanceGroupManagers/gke-todo-project-344-todo-project-344-96b58edb-grp"
            ],
            "location": "us-central1",
            "management": [
              {
                "auto_repair": true,
                "auto_upgrade": true
              }
            ],
            "max_pods_per_node": 110,
            "name": "todo-project-344814-gke-node-pool",
            "name_prefix": "",
            "node_config": [
              {
                "disk_size_gb": 100,
                "disk_type": "pd-standard",
                "guest_accelerator": [],
                "image_type": "COS_CONTAINERD",
                "labels": {
                  "env": "todo-project-344814"
                },
                "local_ssd_count": 0,
                "machine_type": "n1-standard-1",
                "metadata": {
                  "disable-legacy-endpoints": "true"
                },
                "min_cpu_platform": "",
                "oauth_scopes": [
                  "https://www.googleapis.com/auth/logging.write",
                  "https://www.googleapis.com/auth/monitoring"
                ],
                "preemptible": false,
                "service_account": "default",
                "shielded_instance_config": [
                  {
                    "enable_integrity_monitoring": true,
                    "enable_secure_boot": false
                  }
                ],
                "tags": [
                  "gke-node",
                  "todo-project-344814-gke"
                ],
                "taint": [],
                "workload_metadata_config": []
              }
            ],
            "node_count": 1,
            "node_locations": [
              "us-central1-a",
              "us-central1-c",
              "us-central1-f"
            ],
            "project": "todo-project-344814",
            "timeouts": null,
            "upgrade_settings": [
              {
                "max_surge": 1,
                "max_unavailable": 0
              }
            ],
            "version": "1.21.9-gke.1002"
          },
          "sensitive_attributes": [],
          "private": "eyJlMmJmYjczMC1lY2FhLTExZTYtOGY4OC0zNDM2M2JjN2M0YzAiOnsiY3JlYXRlIjoxODAwMDAwMDAwMDAwLCJkZWxldGUiOjE4MDAwMDAwMDAwMDAsInVwZGF0ZSI6MTgwMDAwMDAwMDAwMH0sInNjaGVtYV92ZXJzaW9uIjoiMSJ9",
          "dependencies": [
            "google_compute_network.vpc",
            "google_compute_subnetwork.subnet",
            "google_container_cluster.primary"
          ]
        }
      ]
    }
  ]
}
