{
  "version": 4,
  "terraform_version": "1.1.7",
  "serial": 43,
  "lineage": "01c42479-fb2f-b6cc-dee5-a44ae02b51f0",
  "outputs": {
    "kubernetes_cluster_host": {
      "value": "34.132.170.47",
      "type": "string"
    },
    "kubernetes_cluster_name": {
      "value": "todo-project-344814-gke",
      "type": "string"
    },
    "project_id": {
      "value": "todo-project-344814",
      "type": "string"
    },
    "region": {
      "value": "us-central1",
      "type": "string"
    }
  },
  "resources": [
    {
      "mode": "managed",
      "type": "google_compute_network",
      "name": "vpc",
      "provider": "provider[\"registry.terraform.io/hashicorp/google\"]",
      "instances": [
        {
          "schema_version": 0,
          "attributes": {
            "auto_create_subnetworks": false,
            "delete_default_routes_on_create": false,
            "description": "",
            "gateway_ipv4": "",
            "id": "projects/todo-project-344814/global/networks/todo-project-344814-todovpc",
            "mtu": 0,
            "name": "todo-project-344814-todovpc",
            "project": "todo-project-344814",
            "routing_mode": "REGIONAL",
            "self_link": "https://www.googleapis.com/compute/v1/projects/todo-project-344814/global/networks/todo-project-344814-todovpc",
            "timeouts": null
          },
          "sensitive_attributes": [],
          "private": "eyJlMmJmYjczMC1lY2FhLTExZTYtOGY4OC0zNDM2M2JjN2M0YzAiOnsiY3JlYXRlIjoyNDAwMDAwMDAwMDAsImRlbGV0ZSI6MjQwMDAwMDAwMDAwLCJ1cGRhdGUiOjI0MDAwMDAwMDAwMH19"
        }
      ]
    },
    {
      "mode": "managed",
      "type": "google_compute_subnetwork",
      "name": "subnet",
      "provider": "provider[\"registry.terraform.io/hashicorp/google\"]",
      "instances": [
        {
          "schema_version": 0,
          "attributes": {
            "creation_timestamp": "2022-03-21T14:47:46.166-07:00",
            "description": "",
            "fingerprint": null,
            "gateway_address": "10.10.0.1",
            "id": "projects/todo-project-344814/regions/us-central1/subnetworks/todo-project-344814-todosubnet",
            "ip_cidr_range": "10.10.0.0/24",
            "log_config": [],
            "name": "todo-project-344814-todosubnet",
            "network": "https://www.googleapis.com/compute/v1/projects/todo-project-344814/global/networks/todo-project-344814-todovpc",
            "private_ip_google_access": false,
            "private_ipv6_google_access": "DISABLE_GOOGLE_ACCESS",
            "project": "todo-project-344814",
            "region": "us-central1",
            "secondary_ip_range": [],
            "self_link": "https://www.googleapis.com/compute/v1/projects/todo-project-344814/regions/us-central1/subnetworks/todo-project-344814-todosubnet",
            "timeouts": null
          },
          "sensitive_attributes": [],
          "private": "eyJlMmJmYjczMC1lY2FhLTExZTYtOGY4OC0zNDM2M2JjN2M0YzAiOnsiY3JlYXRlIjozNjAwMDAwMDAwMDAsImRlbGV0ZSI6MzYwMDAwMDAwMDAwLCJ1cGRhdGUiOjM2MDAwMDAwMDAwMH19",
          "dependencies": [
            "google_compute_network.vpc"
          ]
        }
      ]
    },
    {
      "mode": "managed",
      "type": "google_container_cluster",
      "name": "primary",
      "provider": "provider[\"registry.terraform.io/hashicorp/google\"]",
      "instances": [
        {
          "schema_version": 1,
          "attributes": {
            "addons_config": [
              {
                "cloudrun_config": [],
                "horizontal_pod_autoscaling": [],
                "http_load_balancing": [],
                "network_policy_config": [
                  {
                    "disabled": true
                  }
                ]
              }
            ],
            "authenticator_groups_config": [],
            "cluster_autoscaling": [
              {
                "auto_provisioning_defaults": [],
                "enabled": false,
                "resource_limits": []
              }
            ],
            "cluster_ipv4_cidr": "10.96.0.0/14",
            "database_encryption": [
              {
                "key_name": "",
                "state": "DECRYPTED"
              }
            ],
            "default_max_pods_per_node": 110,
            "description": "",
            "enable_binary_authorization": false,
            "enable_intranode_visibility": null,
            "enable_kubernetes_alpha": false,
            "enable_legacy_abac": false,
            "enable_shielded_nodes": false,
            "enable_tpu": null,
            "endpoint": "34.132.170.47",
            "id": "projects/todo-project-344814/locations/us-central1/clusters/todo-project-344814-gke",
            "initial_node_count": 1,
            "instance_group_urls": [
              "https://www.googleapis.com/compute/v1/projects/todo-project-344814/zones/us-central1-a/instanceGroups/gke-todo-project-344814--default-pool-758f2b97-grp",
              "https://www.googleapis.com/compute/v1/projects/todo-project-344814/zones/us-central1-c/instanceGroups/gke-todo-project-344814--default-pool-5722b125-grp",
              "https://www.googleapis.com/compute/v1/projects/todo-project-344814/zones/us-central1-b/instanceGroups/gke-todo-project-344814--default-pool-7d8686c0-grp"
            ],
            "ip_allocation_policy": [
              {
                "cluster_ipv4_cidr_block": "10.96.0.0/14",
                "cluster_secondary_range_name": "gke-todo-project-344814-gke-pods-7dc1cced",
                "services_ipv4_cidr_block": "10.100.0.0/20",
                "services_secondary_range_name": "gke-todo-project-344814-gke-services-7dc1cced"
              }
            ],
            "label_fingerprint": "a9dc16a7",
            "location": "us-central1",
            "logging_service": "logging.googleapis.com/kubernetes",
            "maintenance_policy": [],
            "master_auth": [
              {
                "client_certificate": "",
                "client_certificate_config": [
                  {
                    "issue_client_certificate": false
                  }
                ],
                "client_key": "",
                "cluster_ca_certificate": "LS0tLS1CRUdJTiBDRVJUSUZJQ0FURS0tLS0tCk1JSUVMVENDQXBXZ0F3SUJBZ0lSQU9FaE5OOXN1cm1HdW5sc2lTQk9ZRzB3RFFZSktvWklodmNOQVFFTEJRQXcKTHpFdE1Dc0dBMVVFQXhNa09XSXlaakExWmpBdE5ERXdZUzAwTkRrMExXSTNaV1l0TVRkalpqRXdaREpqTlRrNApNQ0FYRFRJeU1ETXlNVEl3TkRrMU1sb1lEekl3TlRJd016RXpNakUwT1RVeVdqQXZNUzB3S3dZRFZRUURFeVE1CllqSm1NRFZtTUMwME1UQmhMVFEwT1RRdFlqZGxaaTB4TjJObU1UQmtNbU0xT1Rnd2dnR2lNQTBHQ1NxR1NJYjMKRFFFQkFRVUFBNElCandBd2dnR0tBb0lCZ1FENzJDWFh0RGpWZlM5NDRXMksxc2E1aHJWTGx3WjA0dHR4ZjNoMwp4MmRWRUI3bHJON0NlNTRHQU9hYXZ4UC9Za0F5Qng5djhvZFpCQnhtb3AzTStpYzFEYlhLUG9neE43bTcxeCs3CnNQM0dSdDdXZFAwZjMzVmZNN2JwVURYNk4xYjBiMzlBQStLc05DZi9WeVhVOU1NdU5PUnVOcFBpTUhmNDJTT1AKNEZKb1BZL3pJV2Z1bmdYUXFsQStoelhSSkJUYWJXM0tEb0sxTzN3c2ZBY3A3SHpFQzRhNmRkQzJ2TVZ0MUFDdQpKVGFTdHFLRkxkOGtPb05TZ0RvNm50WldkSGEwL0ZWUEliZzRMNzFrRHlOdXRJVEgwaFEzNlBTOUJsYWpYcEY2CkFyS0FpdGRSdVl2ZGE0QU9QRXIxaFVwRTJQMjNES2ZkbGg0VVhaM01qLytLT0ZsZ2JublZwdndnSFNwL2wrN1UKaFYyZmJENXg1eXdlc3phYlljbTcvSlZjUlhoNnNiQ2dRd1FDMGozaWtmVzA1V0RyRWsrWXFyOEh4THg1dS84MgpSR290MWFpRGJtbm5mNm53cG80LzU0SmtRNE1ueFJvMTN5d1N2N3RXUTBWdXZURHpva21tSisxY1ZYNDJIczBNCndYd2ZsT01TQThDbXkvcWtJNFp6ak9QanFIOENBd0VBQWFOQ01FQXdEZ1lEVlIwUEFRSC9CQVFEQWdJRU1BOEcKQTFVZEV3RUIvd1FGTUFNQkFmOHdIUVlEVlIwT0JCWUVGQWw5KzhLSCtBMTk2c3FNQjNkeXdobzdSblBVTUEwRwpDU3FHU0liM0RRRUJDd1VBQTRJQmdRQklOTW9XR1RxSjBTZ2crTFlvSUQ1azBERXVPOXd6UUF4SUM3Y3F6RjhtCmdZZUdQaERNSitHUmJlMVo4c2hLY2t4YTBsbHZMWVhpNTZTbkhPR0pMQVc3SmZsTDdlRlBHOTdVUERZcVo1U0YKbEhBSm1LN3JUMTZqS3Z5a0UzT1lFUWd0QnEwV0lmalRjZE4rZEw1d0JIRmNrWHUreFc5U05odGxiNnpyTVJ6RgprN1JMYXVMcmpVSWE4QzMzMzdvSGY3SlcrQW84czJGVEZMRWs4WlJDQ0U3alhiM2k3QVFSTFFsUzBLay92ejFWCnJvb0t2ckFOVWVQMHF6SVV4U3FxWW0vbGprWFU1cVoreWZudUZlS21ZY2Y5T1FjTFppSm5mb25SaW1YTVBiNHAKZjFLK1A3eXJJZW9EeVNOTHFSUm9zbXZBZmhNOVd6RXM0ZE5acmhQL2RUdUdRVXRVY01RV0c5WEFFbCtVNXgvTgp4TUQ3eEM2dzM4MUFqSWJscjBuK2RpakthYjJsWXQyaHRlNWxlQmdUQzJOdTdOVEtibWV4SFFWcjJMWlZUQTM1CllZY3RNS3BLakM4czBESTFwN2d4N3A5Vm5tWEIwbGxHc0dmWXd6Q041R2FPNmw0ZHpydU4wclF3UDZVZ1dLUzEKOGhSSkNWVlJzc2RBWElYWjVGbmxZMlU9Ci0tLS0tRU5EIENFUlRJRklDQVRFLS0tLS0K",
                "password": "",
                "username": ""
              }
            ],
            "master_authorized_networks_config": [],
            "master_version": "1.21.9-gke.1002",
            "min_master_version": null,
            "monitoring_service": "monitoring.googleapis.com/kubernetes",
            "name": "todo-project-344814-gke",
            "network": "projects/todo-project-344814/global/networks/todo-project-344814-todovpc",
            "network_policy": [
              {
                "enabled": false,
                "provider": "PROVIDER_UNSPECIFIED"
              }
            ],
            "node_config": [
              {
                "disk_size_gb": 100,
                "disk_type": "pd-standard",
                "guest_accelerator": [],
                "image_type": "COS_CONTAINERD",
                "labels": {},
                "local_ssd_count": 0,
                "machine_type": "e2-medium",
                "metadata": {
                  "disable-legacy-endpoints": "true"
                },
                "min_cpu_platform": "",
                "oauth_scopes": [
                  "https://www.googleapis.com/auth/devstorage.read_only",
                  "https://www.googleapis.com/auth/logging.write",
                  "https://www.googleapis.com/auth/monitoring",
                  "https://www.googleapis.com/auth/service.management.readonly",
                  "https://www.googleapis.com/auth/servicecontrol",
                  "https://www.googleapis.com/auth/trace.append"
                ],
                "preemptible": false,
                "service_account": "default",
                "shielded_instance_config": [
                  {
                    "enable_integrity_monitoring": true,
                    "enable_secure_boot": false
                  }
                ],
                "tags": [],
                "taint": [],
                "workload_metadata_config": []
              }
            ],
            "node_locations": [
              "us-central1-a",
              "us-central1-b",
              "us-central1-c"
            ],
            "node_pool": [
              {
                "autoscaling": [],
                "initial_node_count": 1,
                "instance_group_urls": [
                  "https://www.googleapis.com/compute/v1/projects/todo-project-344814/zones/us-central1-a/instanceGroupManagers/gke-todo-project-344814--default-pool-758f2b97-grp",
                  "https://www.googleapis.com/compute/v1/projects/todo-project-344814/zones/us-central1-c/instanceGroupManagers/gke-todo-project-344814--default-pool-5722b125-grp",
                  "https://www.googleapis.com/compute/v1/projects/todo-project-344814/zones/us-central1-b/instanceGroupManagers/gke-todo-project-344814--default-pool-7d8686c0-grp"
                ],
                "management": [
                  {
                    "auto_repair": true,
                    "auto_upgrade": true
                  }
                ],
                "max_pods_per_node": 110,
                "name": "default-pool",
                "name_prefix": "",
                "node_config": [
                  {
                    "disk_size_gb": 100,
                    "disk_type": "pd-standard",
                    "guest_accelerator": [],
                    "image_type": "COS_CONTAINERD",
                    "labels": {},
                    "local_ssd_count": 0,
                    "machine_type": "e2-medium",
                    "metadata": {
                      "disable-legacy-endpoints": "true"
                    },
                    "min_cpu_platform": "",
                    "oauth_scopes": [
                      "https://www.googleapis.com/auth/devstorage.read_only",
                      "https://www.googleapis.com/auth/logging.write",
                      "https://www.googleapis.com/auth/monitoring",
                      "https://www.googleapis.com/auth/service.management.readonly",
                      "https://www.googleapis.com/auth/servicecontrol",
                      "https://www.googleapis.com/auth/trace.append"
                    ],
                    "preemptible": false,
                    "service_account": "default",
                    "shielded_instance_config": [
                      {
                        "enable_integrity_monitoring": true,
                        "enable_secure_boot": false
                      }
                    ],
                    "tags": [],
                    "taint": [],
                    "workload_metadata_config": []
                  }
                ],
                "node_count": 1,
                "node_locations": [
                  "us-central1-a",
                  "us-central1-b",
                  "us-central1-c"
                ],
                "upgrade_settings": [
                  {
                    "max_surge": 1,
                    "max_unavailable": 0
                  }
                ],
                "version": "1.21.9-gke.1002"
              }
            ],
            "node_version": "1.21.9-gke.1002",
            "operation": null,
            "pod_security_policy_config": [],
            "private_cluster_config": [],
            "project": "todo-project-344814",
            "release_channel": [
              {
                "channel": "REGULAR"
              }
            ],
            "remove_default_node_pool": false,
            "resource_labels": null,
            "resource_usage_export_config": [],
            "self_link": "https://container.googleapis.com/v1beta1/projects/todo-project-344814/locations/us-central1/clusters/todo-project-344814-gke",
            "services_ipv4_cidr": "10.100.0.0/20",
            "subnetwork": "projects/todo-project-344814/regions/us-central1/subnetworks/todo-project-344814-todosubnet",
            "timeouts": null,
            "vertical_pod_autoscaling": [],
            "workload_identity_config": []
          },
          "sensitive_attributes": [],
          "private": "eyJlMmJmYjczMC1lY2FhLTExZTYtOGY4OC0zNDM2M2JjN2M0YzAiOnsiY3JlYXRlIjoyNDAwMDAwMDAwMDAwLCJkZWxldGUiOjI0MDAwMDAwMDAwMDAsInJlYWQiOjI0MDAwMDAwMDAwMDAsInVwZGF0ZSI6MzYwMDAwMDAwMDAwMH0sInNjaGVtYV92ZXJzaW9uIjoiMSJ9",
          "dependencies": [
            "google_compute_network.vpc",
            "google_compute_subnetwork.subnet"
          ]
        }
      ]
    }
  ]
}
